// !$*UTF8*$!
{
	archiveVersion = 1;
	classes = {
	};
	objectVersion = 50;
	objects = {

/* Begin PBXBuildFile section */
		631582F421479CA200BDC2E0 /* AppDelegate.m in Sources */ = {isa = PBXBuildFile; fileRef = 631582F321479CA200BDC2E0 /* AppDelegate.m */; };
		631582F721479CA200BDC2E0 /* ViewController.m in Sources */ = {isa = PBXBuildFile; fileRef = 631582F621479CA200BDC2E0 /* ViewController.m */; };
		631582FA21479CA200BDC2E0 /* Main.storyboard in Resources */ = {isa = PBXBuildFile; fileRef = 631582F821479CA200BDC2E0 /* Main.storyboard */; };
		631582FC21479CA300BDC2E0 /* Assets.xcassets in Resources */ = {isa = PBXBuildFile; fileRef = 631582FB21479CA300BDC2E0 /* Assets.xcassets */; };
		631582FF21479CA300BDC2E0 /* LaunchScreen.storyboard in Resources */ = {isa = PBXBuildFile; fileRef = 631582FD21479CA300BDC2E0 /* LaunchScreen.storyboard */; };
		6315830221479CA300BDC2E0 /* main.m in Sources */ = {isa = PBXBuildFile; fileRef = 6315830121479CA300BDC2E0 /* main.m */; };
		6315830B2147B46B00BDC2E0 /* InfiniteTreeCell.m in Sources */ = {isa = PBXBuildFile; fileRef = 631583092147B46B00BDC2E0 /* InfiniteTreeCell.m */; };
		6315830F2147B7F300BDC2E0 /* InfiniteTreeModel.m in Sources */ = {isa = PBXBuildFile; fileRef = 6315830E2147B7F300BDC2E0 /* InfiniteTreeModel.m */; };
		631583122147BBD500BDC2E0 /* TestModel.m in Sources */ = {isa = PBXBuildFile; fileRef = 631583112147BBD500BDC2E0 /* TestModel.m */; };
		631583152147C13400BDC2E0 /* TestCell.m in Sources */ = {isa = PBXBuildFile; fileRef = 631583142147C13400BDC2E0 /* TestCell.m */; };
		631583AA214A643400BDC2E0 /* UITableView+InfiniteTree.m in Sources */ = {isa = PBXBuildFile; fileRef = 631583A9214A643400BDC2E0 /* UITableView+InfiniteTree.m */; };
/* End PBXBuildFile section */

/* Begin PBXFileReference section */
		631582EF21479CA200BDC2E0 /* TreeCell.app */ = {isa = PBXFileReference; explicitFileType = wrapper.application; includeInIndex = 0; path = TreeCell.app; sourceTree = BUILT_PRODUCTS_DIR; };
		631582F221479CA200BDC2E0 /* AppDelegate.h */ = {isa = PBXFileReference; lastKnownFileType = sourcecode.c.h; path = AppDelegate.h; sourceTree = "<group>"; };
		631582F321479CA200BDC2E0 /* AppDelegate.m */ = {isa = PBXFileReference; lastKnownFileType = sourcecode.c.objc; path = AppDelegate.m; sourceTree = "<group>"; };
		631582F521479CA200BDC2E0 /* ViewController.h */ = {isa = PBXFileReference; lastKnownFileType = sourcecode.c.h; path = ViewController.h; sourceTree = "<group>"; };
		631582F621479CA200BDC2E0 /* ViewController.m */ = {isa = PBXFileReference; lastKnownFileType = sourcecode.c.objc; path = ViewController.m; sourceTree = "<group>"; };
		631582F921479CA200BDC2E0 /* Base */ = {isa = PBXFileReference; lastKnownFileType = file.storyboard; name = Base; path = Base.lproj/Main.storyboard; sourceTree = "<group>"; };
		631582FB21479CA300BDC2E0 /* Assets.xcassets */ = {isa = PBXFileReference; lastKnownFileType = folder.assetcatalog; path = Assets.xcassets; sourceTree = "<group>"; };
		631582FE21479CA300BDC2E0 /* Base */ = {isa = PBXFileReference; lastKnownFileType = file.storyboard; name = Base; path = Base.lproj/LaunchScreen.storyboard; sourceTree = "<group>"; };
		6315830021479CA300BDC2E0 /* Info.plist */ = {isa = PBXFileReference; lastKnownFileType = text.plist.xml; path = Info.plist; sourceTree = "<group>"; };
		6315830121479CA300BDC2E0 /* main.m */ = {isa = PBXFileReference; lastKnownFileType = sourcecode.c.objc; path = main.m; sourceTree = "<group>"; };
		631583082147B46B00BDC2E0 /* InfiniteTreeCell.h */ = {isa = PBXFileReference; lastKnownFileType = sourcecode.c.h; path = InfiniteTreeCell.h; sourceTree = "<group>"; };
		631583092147B46B00BDC2E0 /* InfiniteTreeCell.m */ = {isa = PBXFileReference; lastKnownFileType = sourcecode.c.objc; path = InfiniteTreeCell.m; sourceTree = "<group>"; };
		6315830D2147B7F300BDC2E0 /* InfiniteTreeModel.h */ = {isa = PBXFileReference; lastKnownFileType = sourcecode.c.h; path = InfiniteTreeModel.h; sourceTree = "<group>"; };
		6315830E2147B7F300BDC2E0 /* InfiniteTreeModel.m */ = {isa = PBXFileReference; lastKnownFileType = sourcecode.c.objc; path = InfiniteTreeModel.m; sourceTree = "<group>"; };
		631583102147BBD500BDC2E0 /* TestModel.h */ = {isa = PBXFileReference; lastKnownFileType = sourcecode.c.h; path = TestModel.h; sourceTree = "<group>"; };
		631583112147BBD500BDC2E0 /* TestModel.m */ = {isa = PBXFileReference; lastKnownFileType = sourcecode.c.objc; path = TestModel.m; sourceTree = "<group>"; };
		631583132147C13400BDC2E0 /* TestCell.h */ = {isa = PBXFileReference; lastKnownFileType = sourcecode.c.h; path = TestCell.h; sourceTree = "<group>"; };
		631583142147C13400BDC2E0 /* TestCell.m */ = {isa = PBXFileReference; lastKnownFileType = sourcecode.c.objc; path = TestCell.m; sourceTree = "<group>"; };
		631583A8214A643400BDC2E0 /* UITableView+InfiniteTree.h */ = {isa = PBXFileReference; lastKnownFileType = sourcecode.c.h; path = "UITableView+InfiniteTree.h"; sourceTree = "<group>"; };
		631583A9214A643400BDC2E0 /* UITableView+InfiniteTree.m */ = {isa = PBXFileReference; lastKnownFileType = sourcecode.c.objc; path = "UITableView+InfiniteTree.m"; sourceTree = "<group>"; };
/* End PBXFileReference section */

/* Begin PBXFrameworksBuildPhase section */
		631582EC21479CA200BDC2E0 /* Frameworks */ = {
			isa = PBXFrameworksBuildPhase;
			buildActionMask = 2147483647;
			files = (
			);
			runOnlyForDeploymentPostprocessing = 0;
		};
/* End PBXFrameworksBuildPhase section */

/* Begin PBXGroup section */
		631582E621479CA200BDC2E0 = {
			isa = PBXGroup;
			children = (
				631582F121479CA200BDC2E0 /* TreeCell */,
				631582F021479CA200BDC2E0 /* Products */,
			);
			sourceTree = "<group>";
		};
		631582F021479CA200BDC2E0 /* Products */ = {
			isa = PBXGroup;
			children = (
				631582EF21479CA200BDC2E0 /* TreeCell.app */,
			);
			name = Products;
			sourceTree = "<group>";
		};
		631582F121479CA200BDC2E0 /* TreeCell */ = {
			isa = PBXGroup;
			children = (
				631582F221479CA200BDC2E0 /* AppDelegate.h */,
				631582F321479CA200BDC2E0 /* AppDelegate.m */,
				631582F521479CA200BDC2E0 /* ViewController.h */,
				631582F621479CA200BDC2E0 /* ViewController.m */,
				631583132147C13400BDC2E0 /* TestCell.h */,
				631583142147C13400BDC2E0 /* TestCell.m */,
				631583102147BBD500BDC2E0 /* TestModel.h */,
				631583112147BBD500BDC2E0 /* TestModel.m */,
				631583AB214A657800BDC2E0 /* InfiniteTree */,
				631582F821479CA200BDC2E0 /* Main.storyboard */,
				631582FB21479CA300BDC2E0 /* Assets.xcassets */,
				631582FD21479CA300BDC2E0 /* LaunchScreen.storyboard */,
				6315830021479CA300BDC2E0 /* Info.plist */,
				6315830121479CA300BDC2E0 /* main.m */,
			);
			path = TreeCell;
			sourceTree = "<group>";
		};
		631583AB214A657800BDC2E0 /* InfiniteTree */ = {
			isa = PBXGroup;
			children = (
				631583082147B46B00BDC2E0 /* InfiniteTreeCell.h */,
				631583092147B46B00BDC2E0 /* InfiniteTreeCell.m */,
				6315830D2147B7F300BDC2E0 /* InfiniteTreeModel.h */,
				6315830E2147B7F300BDC2E0 /* InfiniteTreeModel.m */,
				631583A8214A643400BDC2E0 /* UITableView+InfiniteTree.h */,
				631583A9214A643400BDC2E0 /* UITableView+InfiniteTree.m */,
			);
			path = InfiniteTree;
			sourceTree = "<group>";
		};
/* End PBXGroup section */

/* Begin PBXNativeTarget section */
		631582EE21479CA200BDC2E0 /* TreeCell */ = {
			isa = PBXNativeTarget;
			buildConfigurationList = 6315830521479CA300BDC2E0 /* Build configuration list for PBXNativeTarget "TreeCell" */;
			buildPhases = (
				631582EB21479CA200BDC2E0 /* Sources */,
				631582EC21479CA200BDC2E0 /* Frameworks */,
				631582ED21479CA200BDC2E0 /* Resources */,
			);
			buildRules = (
			);
			dependencies = (
			);
			name = TreeCell;
			productName = TreeCell;
			productReference = 631582EF21479CA200BDC2E0 /* TreeCell.app */;
			productType = "com.apple.product-type.application";
		};
/* End PBXNativeTarget section */

/* Begin PBXProject section */
		631582E721479CA200BDC2E0 /* Project object */ = {
			isa = PBXProject;
			attributes = {
				LastUpgradeCheck = 0940;
				ORGANIZATIONNAME = zhouke;
				TargetAttributes = {
					631582EE21479CA200BDC2E0 = {
						CreatedOnToolsVersion = 9.4;
					};
				};
			};
			buildConfigurationList = 631582EA21479CA200BDC2E0 /* Build configuration list for PBXProject "TreeCell" */;
			compatibilityVersion = "Xcode 9.3";
			developmentRegion = en;
			hasScannedForEncodings = 0;
			knownRegions = (
				en,
				Base,
			);
			mainGroup = 631582E621479CA200BDC2E0;
			productRefGroup = 631582F021479CA200BDC2E0 /* Products */;
			projectDirPath = "";
			projectRoot = "";
			targets = (
				631582EE21479CA200BDC2E0 /* TreeCell */,
			);
		};
/* End PBXProject section */

/* Begin PBXResourcesBuildPhase section */
		631582ED21479CA200BDC2E0 /* Resources */ = {
			isa = PBXResourcesBuildPhase;
			buildActionMask = 2147483647;
			files = (
				631582FF21479CA300BDC2E0 /* LaunchScreen.storyboard in Resources */,
				631582FC21479CA300BDC2E0 /* Assets.xcassets in Resources */,
				631582FA21479CA200BDC2E0 /* Main.storyboard in Resources */,
			);
			runOnlyForDeploymentPostprocessing = 0;
		};
/* End PBXResourcesBuildPhase section */

/* Begin PBXSourcesBuildPhase section */
		631582EB21479CA200BDC2E0 /* Sources */ = {
			isa = PBXSourcesBuildPhase;
			buildActionMask = 2147483647;
			files = (
				631582F721479CA200BDC2E0 /* ViewController.m in Sources */,
				6315830F2147B7F300BDC2E0 /* InfiniteTreeModel.m in Sources */,
				631583152147C13400BDC2E0 /* TestCell.m in Sources */,
				6315830221479CA300BDC2E0 /* main.m in Sources */,
				631583122147BBD500BDC2E0 /* TestModel.m in Sources */,
				631582F421479CA200BDC2E0 /* AppDelegate.m in Sources */,
				6315830B2147B46B00BDC2E0 /* InfiniteTreeCell.m in Sources */,
				631583AA214A643400BDC2E0 /* UITableView+InfiniteTree.m in Sources */,
			);
			runOnlyForDeploymentPostprocessing = 0;
		};
/* End PBXSourcesBuildPhase section */

/* Begin PBXVariantGroup section */
		631582F821479CA200BDC2E0 /* Main.storyboard */ = {
			isa = PBXVariantGroup;
			children = (
				631582F921479CA200BDC2E0 /* Base */,
			);
			name = Main.storyboard;
			sourceTree = "<group>";
		};
		631582FD21479CA300BDC2E0 /* LaunchScreen.storyboard */ = {
			isa = PBXVariantGroup;
			children = (
				631582FE21479CA300BDC2E0 /* Base */,
			);
			name = LaunchScreen.storyboard;
			sourceTree = "<group>";
		};
/* End PBXVariantGroup section */

/* Begin XCBuildConfiguration section */
		6315830321479CA300BDC2E0 /* Debug */ = {
			isa = XCBuildConfiguration;
			buildSettings = {
				ALWAYS_SEARCH_USER_PATHS = NO;
				CLANG_ANALYZER_NONNULL = YES;
				CLANG_ANALYZER_NUMBER_OBJECT_CONVERSION = YES_AGGRESSIVE;
				CLANG_CXX_LANGUAGE_STANDARD = "gnu++14";
				CLANG_CXX_LIBRARY = "libc++";
				CLANG_ENABLE_MODULES = YES;
				CLANG_ENABLE_OBJC_ARC = YES;
				CLANG_ENABLE_OBJC_WEAK = YES;
				CLANG_WARN_BLOCK_CAPTURE_AUTORELEASING = YES;
				CLANG_WARN_BOOL_CONVERSION = YES;
				CLANG_WARN_COMMA = YES;
				CLANG_WARN_CONSTANT_CONVERSION = YES;
				CLANG_WARN_DEPRECATED_OBJC_IMPLEMENTATIONS = YES;
				CLANG_WARN_DIRECT_OBJC_ISA_USAGE = YES_ERROR;
				CLANG_WARN_DOCUMENTATION_COMMENTS = YES;
				CLANG_WARN_EMPTY_BODY = YES;
				CLANG_WARN_ENUM_CONVERSION = YES;
				CLANG_WARN_INFINITE_RECURSION = YES;
				CLANG_WARN_INT_CONVERSION = YES;
				CLANG_WARN_NON_LITERAL_NULL_CONVERSION = YES;
				CLANG_WARN_OBJC_IMPLICIT_RETAIN_SELF = YES;
				CLANG_WARN_OBJC_LITERAL_CONVERSION = YES;
				CLANG_WARN_OBJC_ROOT_CLASS = YES_ERROR;
				CLANG_WARN_RANGE_LOOP_ANALYSIS = YES;
				CLANG_WARN_STRICT_PROTOTYPES = YES;
				CLANG_WARN_SUSPICIOUS_MOVE = YES;
				CLANG_WARN_UNGUARDED_AVAILABILITY = YES_AGGRESSIVE;
				CLANG_WARN_UNREACHABLE_CODE = YES;
				CLANG_WARN__DUPLICATE_METHOD_MATCH = YES;
				CODE_SIGN_IDENTITY = "iPhone Developer";
				COPY_PHASE_STRIP = NO;
				DEBUG_INFORMATION_FORMAT = dwarf;
				ENABLE_STRICT_OBJC_MSGSEND = YES;
				ENABLE_TESTABILITY = YES;
				GCC_C_LANGUAGE_STANDARD = gnu11;
				GCC_DYNAMIC_NO_PIC = NO;
				GCC_NO_COMMON_BLOCKS = YES;
				GCC_OPTIMIZATION_LEVEL = 0;
				GCC_PREPROCESSOR_DEFINITIONS = (
					"DEBUG=1",
					"$(inherited)",
				);
				GCC_WARN_64_TO_32_BIT_CONVERSION = YES;
				GCC_WARN_ABOUT_RETURN_TYPE = YES_ERROR;
				GCC_WARN_UNDECLARED_SELECTOR = YES;
				GCC_WARN_UNINITIALIZED_AUTOS = YES_AGGRESSIVE;
				GCC_WARN_UNUSED_FUNCTION = YES;
				GCC_WARN_UNUSED_VARIABLE = YES;
				IPHONEOS_DEPLOYMENT_TARGET = 11.4;
				MTL_ENABLE_DEBUG_INFO = YES;
				ONLY_ACTIVE_ARCH = YES;
				SDKROOT = iphoneos;
			};
			name = Debug;
		};
		6315830421479CA300BDC2E0 /* Release */ = {
			isa = XCBuildConfiguration;
			buildSettings = {
				ALWAYS_SEARCH_USER_PATHS = NO;
				CLANG_ANALYZER_NONNULL = YES;
				CLANG_ANALYZER_NUMBER_OBJECT_CONVERSION = YES_AGGRESSIVE;
				CLANG_CXX_LANGUAGE_STANDARD = "gnu++14";
				CLANG_CXX_LIBRARY = "libc++";
				CLANG_ENABLE_MODULES = YES;
				CLANG_ENABLE_OBJC_ARC = YES;
				CLANG_ENABLE_OBJC_WEAK = YES;
				CLANG_WARN_BLOCK_CAPTURE_AUTORELEASING = YES;
				CLANG_WARN_BOOL_CONVERSION = YES;
				CLANG_WARN_COMMA = YES;
				CLANG_WARN_CONSTANT_CONVERSION = YES;
				CLANG_WARN_DEPRECATED_OBJC_IMPLEMENTATIONS = YES;
				CLANG_WARN_DIRECT_OBJC_ISA_USAGE = YES_ERROR;
				CLANG_WARN_DOCUMENTATION_COMMENTS = YES;
				CLANG_WARN_EMPTY_BODY = YES;
				CLANG_WARN_ENUM_CONVERSION = YES;
				CLANG_WARN_INFINITE_RECURSION = YES;
				CLANG_WARN_INT_CONVERSION = YES;
				CLANG_WARN_NON_LITERAL_NULL_CONVERSION = YES;
				CLANG_WARN_OBJC_IMPLICIT_RETAIN_SELF = YES;
				CLANG_WARN_OBJC_LITERAL_CONVERSION = YES;
				CLANG_WARN_OBJC_ROOT_CLASS = YES_ERROR;
				CLANG_WARN_RANGE_LOOP_ANALYSIS = YES;
				CLANG_WARN_STRICT_PROTOTYPES = YES;
				CLANG_WARN_SUSPICIOUS_MOVE = YES;
				CLANG_WARN_UNGUARDED_AVAILABILITY = YES_AGGRESSIVE;
				CLANG_WARN_UNREACHABLE_CODE = YES;
				CLANG_WARN__DUPLICATE_METHOD_MATCH = YES;
				CODE_SIGN_IDENTITY = "iPhone Developer";
				COPY_PHASE_STRIP = NO;
				DEBUG_INFORMATION_FORMAT = "dwarf-with-dsym";
				ENABLE_NS_ASSERTIONS = NO;
				ENABLE_STRICT_OBJC_MSGSEND = YES;
				GCC_C_LANGUAGE_STANDARD = gnu11;
				GCC_NO_COMMON_BLOCKS = YES;
				GCC_WARN_64_TO_32_BIT_CONVERSION = YES;
				GCC_WARN_ABOUT_RETURN_TYPE = YES_ERROR;
				GCC_WARN_UNDECLARED_SELECTOR = YES;
				GCC_WARN_UNINITIALIZED_AUTOS = YES_AGGRESSIVE;
				GCC_WARN_UNUSED_FUNCTION = YES;
				GCC_WARN_UNUSED_VARIABLE = YES;
				IPHONEOS_DEPLOYMENT_TARGET = 11.4;
				MTL_ENABLE_DEBUG_INFO = NO;
				SDKROOT = iphoneos;
				VALIDATE_PRODUCT = YES;
			};
			name = Release;
		};
		6315830621479CA300BDC2E0 /* Debug */ = {
			isa = XCBuildConfiguration;
			buildSettings = {
				ASSETCATALOG_COMPILER_APPICON_NAME = AppIcon;
				CODE_SIGN_STYLE = Automatic;
				DEVELOPMENT_TEAM = 7S7X7B8PE5;
				INFOPLIST_FILE = TreeCell/Info.plist;
				IPHONEOS_DEPLOYMENT_TARGET = 8;
				LD_RUNPATH_SEARCH_PATHS = (
					"$(inherited)",
					"@executable_path/Frameworks",
				);
				PRODUCT_BUNDLE_IDENTIFIER = zk.TreeCell;
				PRODUCT_NAME = "$(TARGET_NAME)";
				TARGETED_DEVICE_FAMILY = "1,2";
			};
			name = Debug;
		};
		6315830721479CA300BDC2E0 /* Release */ = {
			isa = XCBuildConfiguration;
			buildSettings = {
				ASSETCATALOG_COMPILER_APPICON_NAME = AppIcon;
				CODE_SIGN_STYLE = Automatic;
				DEVELOPMENT_TEAM = 7S7X7B8PE5;
				INFOPLIST_FILE = TreeCell/Info.plist;
				IPHONEOS_DEPLOYMENT_TARGET = 8;
				LD_RUNPATH_SEARCH_PATHS = (
					"$(inherited)",
					"@executable_path/Frameworks",
				);
				PRODUCT_BUNDLE_IDENTIFIER = zk.TreeCell;
				PRODUCT_NAME = "$(TARGET_NAME)";
				TARGETED_DEVICE_FAMILY = "1,2";
			};
			name = Release;
		};
/* End XCBuildConfiguration section */

/* Begin XCConfigurationList section */
		631582EA21479CA200BDC2E0 /* Build configuration list for PBXProject "TreeCell" */ = {
			isa = XCConfigurationList;
			buildConfigurations = (
				6315830321479CA300BDC2E0 /* Debug */,
				6315830421479CA300BDC2E0 /* Release */,
			);
			defaultConfigurationIsVisible = 0;
			defaultConfigurationName = Release;
		};
		6315830521479CA300BDC2E0 /* Build configuration list for PBXNativeTarget "TreeCell" */ = {
			isa = XCConfigurationList;
			buildConfigurations = (
				6315830621479CA300BDC2E0 /* Debug */,
				6315830721479CA300BDC2E0 /* Release */,
			);
			defaultConfigurationIsVisible = 0;
			defaultConfigurationName = Release;
		};
/* End XCConfigurationList section */
	};
	rootObject = 631582E721479CA200BDC2E0 /* Project object */;
}
